
Microsoft Visual Studio Solution File, Format Version 12.00
Project("{2150E333-8FDC-42A3-9474-1A3956D46DE8}") = "Demos", "Demos", "{5AC3D20D-AF7C-4C83-AB1F-96E9C9A2540F}"
EndProject
Project("{2150E333-8FDC-42A3-9474-1A3956D46DE8}") = "CustomPackages", "CustomPackages", "{105BFDE1-2FF5-4E0D-A2D7-A3C412FF7255}"
EndProject
Project("{2150E333-8FDC-42A3-9474-1A3956D46DE8}") = "PatrickStar.MVU", "PatrickStar.MVU", "{00ED433A-061C-4419-A4F6-33CA170337BB}"
EndProject
Project("{2150E333-8FDC-42A3-9474-1A3956D46DE8}") = "Core", "Core", "{F94B28E8-D225-45E4-B084-D557830C6218}"
EndProject
Project("{FAE04EC0-301F-11D3-BF4B-00C04F79EFBC}") = "Eggplant.Telegram", "Core\Eggplant.Telegram\Eggplant.Telegram.csproj", "{A2D017D8-120B-4F7C-8715-7F6337AF8AD7}"
EndProject
Project("{FAE04EC0-301F-11D3-BF4B-00C04F79EFBC}") = "Lagalike.Telegram.Shared", "Core\Lagalike.Telegram.Shared\Lagalike.Telegram.Shared.csproj", "{75A064B5-8E86-4581-8B55-509CA2C32E3D}"
EndProject
Project("{FAE04EC0-301F-11D3-BF4B-00C04F79EFBC}") = "PatrickStar.MVU", "CustomPackages\PatrickStar.MVU\PatrickStar.MVU.csproj", "{B745B70D-C567-4584-908C-20A9017177B2}"
EndProject
Project("{FAE04EC0-301F-11D3-BF4B-00C04F79EFBC}") = "PatrickStar.MVU.Tests", "CustomPackages\PatrickStar.MVU.Tests\PatrickStar.MVU.Tests.csproj", "{0010C267-3790-4690-92B6-9A45D69CF2D3}"
EndProject
Project("{FAE04EC0-301F-11D3-BF4B-00C04F79EFBC}") = "Eggplant.MVU.GroupRating", "Demos\Eggplant.MVU.GroupRating\Eggplant.MVU.GroupRating.csproj", "{A31AC9AF-C19D-4247-A288-1C745386D5B3}"
EndProject
Project("{FAE04EC0-301F-11D3-BF4B-00C04F79EFBC}") = "Eggplant.MVU.ShareCockSize", "Demos\Eggplant.MVU.ShareCockSize\Eggplant.MVU.ShareCockSize.csproj", "{767E09C2-AFF8-4DC1-AAB2-12319D6E2FFD}"
EndProject
Project("{FAE04EC0-301F-11D3-BF4B-00C04F79EFBC}") = "Eggplant.MVU.UnknownCmd", "Demos\Eggplant.MVU.UnknownCmd\Eggplant.MVU.UnknownCmd.csproj", "{3ABD2FBA-18FD-4F41-9258-557AAA3072C5}"
EndProject
Project("{FAE04EC0-301F-11D3-BF4B-00C04F79EFBC}") = "Eggplant.MVU.MessageWithoutAnyCmd", "Demos\Eggplant.MVU.MessageWithoutAnyCmd\Eggplant.MVU.MessageWithoutAnyCmd.csproj", "{2A5D2EBF-4C37-418A-8DD5-0F8419A9E91B}"
EndProject
Project("{2150E333-8FDC-42A3-9474-1A3956D46DE8}") = "CockSizer", "CockSizer", "{50810F5D-350E-4190-9F3D-0193B3067CA2}"
EndProject
Project("{FAE04EC0-301F-11D3-BF4B-00C04F79EFBC}") = "CockSizer", "CustomPackages\CockSizer\CockSizer.csproj", "{1E82197E-36D9-4B4C-8A4D-2136EFAFB592}"
EndProject
Project("{FAE04EC0-301F-11D3-BF4B-00C04F79EFBC}") = "CockSizer.Tests", "CustomPackages\CockSizer.Tests\CockSizer.Tests.csproj", "{F8CE9423-60B0-47CD-A2E6-5B1704802512}"
EndProject
Project("{2150E333-8FDC-42A3-9474-1A3956D46DE8}") = "GroupRating", "GroupRating", "{9C6ACA16-BF52-4209-99C3-128A1F0CDC2A}"
EndProject
Project("{FAE04EC0-301F-11D3-BF4B-00C04F79EFBC}") = "GroupRating", "CustomPackages\GroupRating\GroupRating.csproj", "{242F0F40-9371-4BD8-9E87-53A29449EC5C}"
EndProject
Project("{FAE04EC0-301F-11D3-BF4B-00C04F79EFBC}") = "GroupRating.Tests", "CustomPackages\GroupRating.Tests\GroupRating.Tests.csproj", "{576C3744-7197-4518-8808-44C265D2568E}"
EndProject
Project("{FAE04EC0-301F-11D3-BF4B-00C04F79EFBC}") = "Eggplant.Types.Shared", "Demos\Eggplant.Types.Shared\Eggplant.Types.Shared.csproj", "{75B9D665-6A79-46A7-BA1A-98B836264B5E}"
EndProject
Project("{FAE04EC0-301F-11D3-BF4B-00C04F79EFBC}") = "Lagalike.Demo.Eggplant.MVU", "Demos\Lagalike.Demo.Eggplant.MVU\Lagalike.Demo.Eggplant.MVU.csproj", "{ACDEC528-0787-4BED-A747-374B0C9315CF}"
EndProject
Project("{FAE04EC0-301F-11D3-BF4B-00C04F79EFBC}") = "Eggplant.MVU.CompareDudes", "Demos\Eggplant.MVU.CompareDudes\Eggplant.MVU.CompareDudes.csproj", "{387CB0D1-83BA-4403-99C9-578068091CC2}"
EndProject
Project("{2150E333-8FDC-42A3-9474-1A3956D46DE8}") = "DudesComparer", "DudesComparer", "{04147282-E9B8-48F1-981A-FBB171272ED2}"
EndProject
Project("{FAE04EC0-301F-11D3-BF4B-00C04F79EFBC}") = "DudesComparer", "CustomPackages\DudesComparer\DudesComparer.csproj", "{F4937EF3-8DD5-438E-8EF0-0B48FE35B150}"
EndProject
Project("{FAE04EC0-301F-11D3-BF4B-00C04F79EFBC}") = "DudesComparer.Tests", "CustomPackages\DudesComparer.Tests\DudesComparer.Tests.csproj", "{8E3413EB-96AF-4A45-9930-AC7E21BF01B4}"
EndProject
Global
	GlobalSection(SolutionConfigurationPlatforms) = preSolution
		Debug|Any CPU = Debug|Any CPU
		Release|Any CPU = Release|Any CPU
	EndGlobalSection
	GlobalSection(ProjectConfigurationPlatforms) = postSolution
		{A2D017D8-120B-4F7C-8715-7F6337AF8AD7}.Debug|Any CPU.ActiveCfg = Debug|Any CPU
		{A2D017D8-120B-4F7C-8715-7F6337AF8AD7}.Debug|Any CPU.Build.0 = Debug|Any CPU
		{A2D017D8-120B-4F7C-8715-7F6337AF8AD7}.Release|Any CPU.ActiveCfg = Release|Any CPU
		{A2D017D8-120B-4F7C-8715-7F6337AF8AD7}.Release|Any CPU.Build.0 = Release|Any CPU
		{75A064B5-8E86-4581-8B55-509CA2C32E3D}.Debug|Any CPU.ActiveCfg = Debug|Any CPU
		{75A064B5-8E86-4581-8B55-509CA2C32E3D}.Debug|Any CPU.Build.0 = Debug|Any CPU
		{75A064B5-8E86-4581-8B55-509CA2C32E3D}.Release|Any CPU.ActiveCfg = Release|Any CPU
		{75A064B5-8E86-4581-8B55-509CA2C32E3D}.Release|Any CPU.Build.0 = Release|Any CPU
		{B745B70D-C567-4584-908C-20A9017177B2}.Debug|Any CPU.ActiveCfg = Debug|Any CPU
		{B745B70D-C567-4584-908C-20A9017177B2}.Debug|Any CPU.Build.0 = Debug|Any CPU
		{B745B70D-C567-4584-908C-20A9017177B2}.Release|Any CPU.ActiveCfg = Release|Any CPU
		{B745B70D-C567-4584-908C-20A9017177B2}.Release|Any CPU.Build.0 = Release|Any CPU
		{0010C267-3790-4690-92B6-9A45D69CF2D3}.Debug|Any CPU.ActiveCfg = Debug|Any CPU
		{0010C267-3790-4690-92B6-9A45D69CF2D3}.Debug|Any CPU.Build.0 = Debug|Any CPU
		{0010C267-3790-4690-92B6-9A45D69CF2D3}.Release|Any CPU.ActiveCfg = Release|Any CPU
		{0010C267-3790-4690-92B6-9A45D69CF2D3}.Release|Any CPU.Build.0 = Release|Any CPU
		{A31AC9AF-C19D-4247-A288-1C745386D5B3}.Debug|Any CPU.ActiveCfg = Debug|Any CPU
		{A31AC9AF-C19D-4247-A288-1C745386D5B3}.Debug|Any CPU.Build.0 = Debug|Any CPU
		{A31AC9AF-C19D-4247-A288-1C745386D5B3}.Release|Any CPU.ActiveCfg = Release|Any CPU
		{A31AC9AF-C19D-4247-A288-1C745386D5B3}.Release|Any CPU.Build.0 = Release|Any CPU
		{767E09C2-AFF8-4DC1-AAB2-12319D6E2FFD}.Debug|Any CPU.ActiveCfg = Debug|Any CPU
		{767E09C2-AFF8-4DC1-AAB2-12319D6E2FFD}.Debug|Any CPU.Build.0 = Debug|Any CPU
		{767E09C2-AFF8-4DC1-AAB2-12319D6E2FFD}.Release|Any CPU.ActiveCfg = Release|Any CPU
		{767E09C2-AFF8-4DC1-AAB2-12319D6E2FFD}.Release|Any CPU.Build.0 = Release|Any CPU
		{3ABD2FBA-18FD-4F41-9258-557AAA3072C5}.Debug|Any CPU.ActiveCfg = Debug|Any CPU
		{3ABD2FBA-18FD-4F41-9258-557AAA3072C5}.Debug|Any CPU.Build.0 = Debug|Any CPU
		{3ABD2FBA-18FD-4F41-9258-557AAA3072C5}.Release|Any CPU.ActiveCfg = Release|Any CPU
		{3ABD2FBA-18FD-4F41-9258-557AAA3072C5}.Release|Any CPU.Build.0 = Release|Any CPU
		{2A5D2EBF-4C37-418A-8DD5-0F8419A9E91B}.Debug|Any CPU.ActiveCfg = Debug|Any CPU
		{2A5D2EBF-4C37-418A-8DD5-0F8419A9E91B}.Debug|Any CPU.Build.0 = Debug|Any CPU
		{2A5D2EBF-4C37-418A-8DD5-0F8419A9E91B}.Release|Any CPU.ActiveCfg = Release|Any CPU
		{2A5D2EBF-4C37-418A-8DD5-0F8419A9E91B}.Release|Any CPU.Build.0 = Release|Any CPU
		{1E82197E-36D9-4B4C-8A4D-2136EFAFB592}.Debug|Any CPU.ActiveCfg = Debug|Any CPU
		{1E82197E-36D9-4B4C-8A4D-2136EFAFB592}.Debug|Any CPU.Build.0 = Debug|Any CPU
		{1E82197E-36D9-4B4C-8A4D-2136EFAFB592}.Release|Any CPU.ActiveCfg = Release|Any CPU
		{1E82197E-36D9-4B4C-8A4D-2136EFAFB592}.Release|Any CPU.Build.0 = Release|Any CPU
		{F8CE9423-60B0-47CD-A2E6-5B1704802512}.Debug|Any CPU.ActiveCfg = Debug|Any CPU
		{F8CE9423-60B0-47CD-A2E6-5B1704802512}.Debug|Any CPU.Build.0 = Debug|Any CPU
		{F8CE9423-60B0-47CD-A2E6-5B1704802512}.Release|Any CPU.ActiveCfg = Release|Any CPU
		{F8CE9423-60B0-47CD-A2E6-5B1704802512}.Release|Any CPU.Build.0 = Release|Any CPU
		{242F0F40-9371-4BD8-9E87-53A29449EC5C}.Debug|Any CPU.ActiveCfg = Debug|Any CPU
		{242F0F40-9371-4BD8-9E87-53A29449EC5C}.Debug|Any CPU.Build.0 = Debug|Any CPU
		{242F0F40-9371-4BD8-9E87-53A29449EC5C}.Release|Any CPU.ActiveCfg = Release|Any CPU
		{242F0F40-9371-4BD8-9E87-53A29449EC5C}.Release|Any CPU.Build.0 = Release|Any CPU
		{576C3744-7197-4518-8808-44C265D2568E}.Debug|Any CPU.ActiveCfg = Debug|Any CPU
		{576C3744-7197-4518-8808-44C265D2568E}.Debug|Any CPU.Build.0 = Debug|Any CPU
		{576C3744-7197-4518-8808-44C265D2568E}.Release|Any CPU.ActiveCfg = Release|Any CPU
		{576C3744-7197-4518-8808-44C265D2568E}.Release|Any CPU.Build.0 = Release|Any CPU
		{75B9D665-6A79-46A7-BA1A-98B836264B5E}.Debug|Any CPU.ActiveCfg = Debug|Any CPU
		{75B9D665-6A79-46A7-BA1A-98B836264B5E}.Debug|Any CPU.Build.0 = Debug|Any CPU
		{75B9D665-6A79-46A7-BA1A-98B836264B5E}.Release|Any CPU.ActiveCfg = Release|Any CPU
		{75B9D665-6A79-46A7-BA1A-98B836264B5E}.Release|Any CPU.Build.0 = Release|Any CPU
		{ACDEC528-0787-4BED-A747-374B0C9315CF}.Debug|Any CPU.ActiveCfg = Debug|Any CPU
		{ACDEC528-0787-4BED-A747-374B0C9315CF}.Debug|Any CPU.Build.0 = Debug|Any CPU
		{ACDEC528-0787-4BED-A747-374B0C9315CF}.Release|Any CPU.ActiveCfg = Release|Any CPU
		{ACDEC528-0787-4BED-A747-374B0C9315CF}.Release|Any CPU.Build.0 = Release|Any CPU
		{387CB0D1-83BA-4403-99C9-578068091CC2}.Debug|Any CPU.ActiveCfg = Debug|Any CPU
		{387CB0D1-83BA-4403-99C9-578068091CC2}.Debug|Any CPU.Build.0 = Debug|Any CPU
		{387CB0D1-83BA-4403-99C9-578068091CC2}.Release|Any CPU.ActiveCfg = Release|Any CPU
		{387CB0D1-83BA-4403-99C9-578068091CC2}.Release|Any CPU.Build.0 = Release|Any CPU
		{F4937EF3-8DD5-438E-8EF0-0B48FE35B150}.Debug|Any CPU.ActiveCfg = Debug|Any CPU
		{F4937EF3-8DD5-438E-8EF0-0B48FE35B150}.Debug|Any CPU.Build.0 = Debug|Any CPU
		{F4937EF3-8DD5-438E-8EF0-0B48FE35B150}.Release|Any CPU.ActiveCfg = Release|Any CPU
		{F4937EF3-8DD5-438E-8EF0-0B48FE35B150}.Release|Any CPU.Build.0 = Release|Any CPU
		{8E3413EB-96AF-4A45-9930-AC7E21BF01B4}.Debug|Any CPU.ActiveCfg = Debug|Any CPU
		{8E3413EB-96AF-4A45-9930-AC7E21BF01B4}.Debug|Any CPU.Build.0 = Debug|Any CPU
		{8E3413EB-96AF-4A45-9930-AC7E21BF01B4}.Release|Any CPU.ActiveCfg = Release|Any CPU
		{8E3413EB-96AF-4A45-9930-AC7E21BF01B4}.Release|Any CPU.Build.0 = Release|Any CPU
	EndGlobalSection
	GlobalSection(NestedProjects) = preSolution
		{00ED433A-061C-4419-A4F6-33CA170337BB} = {105BFDE1-2FF5-4E0D-A2D7-A3C412FF7255}
		{A2D017D8-120B-4F7C-8715-7F6337AF8AD7} = {F94B28E8-D225-45E4-B084-D557830C6218}
		{75A064B5-8E86-4581-8B55-509CA2C32E3D} = {F94B28E8-D225-45E4-B084-D557830C6218}
		{B745B70D-C567-4584-908C-20A9017177B2} = {00ED433A-061C-4419-A4F6-33CA170337BB}
		{0010C267-3790-4690-92B6-9A45D69CF2D3} = {00ED433A-061C-4419-A4F6-33CA170337BB}
		{A31AC9AF-C19D-4247-A288-1C745386D5B3} = {5AC3D20D-AF7C-4C83-AB1F-96E9C9A2540F}
		{767E09C2-AFF8-4DC1-AAB2-12319D6E2FFD} = {5AC3D20D-AF7C-4C83-AB1F-96E9C9A2540F}
		{3ABD2FBA-18FD-4F41-9258-557AAA3072C5} = {5AC3D20D-AF7C-4C83-AB1F-96E9C9A2540F}
		{2A5D2EBF-4C37-418A-8DD5-0F8419A9E91B} = {5AC3D20D-AF7C-4C83-AB1F-96E9C9A2540F}
		{50810F5D-350E-4190-9F3D-0193B3067CA2} = {105BFDE1-2FF5-4E0D-A2D7-A3C412FF7255}
		{1E82197E-36D9-4B4C-8A4D-2136EFAFB592} = {50810F5D-350E-4190-9F3D-0193B3067CA2}
		{F8CE9423-60B0-47CD-A2E6-5B1704802512} = {50810F5D-350E-4190-9F3D-0193B3067CA2}
		{9C6ACA16-BF52-4209-99C3-128A1F0CDC2A} = {105BFDE1-2FF5-4E0D-A2D7-A3C412FF7255}
		{242F0F40-9371-4BD8-9E87-53A29449EC5C} = {9C6ACA16-BF52-4209-99C3-128A1F0CDC2A}
		{576C3744-7197-4518-8808-44C265D2568E} = {9C6ACA16-BF52-4209-99C3-128A1F0CDC2A}
		{75B9D665-6A79-46A7-BA1A-98B836264B5E} = {5AC3D20D-AF7C-4C83-AB1F-96E9C9A2540F}
		{ACDEC528-0787-4BED-A747-374B0C9315CF} = {5AC3D20D-AF7C-4C83-AB1F-96E9C9A2540F}
		{387CB0D1-83BA-4403-99C9-578068091CC2} = {5AC3D20D-AF7C-4C83-AB1F-96E9C9A2540F}
		{04147282-E9B8-48F1-981A-FBB171272ED2} = {105BFDE1-2FF5-4E0D-A2D7-A3C412FF7255}
		{F4937EF3-8DD5-438E-8EF0-0B48FE35B150} = {04147282-E9B8-48F1-981A-FBB171272ED2}
		{8E3413EB-96AF-4A45-9930-AC7E21BF01B4} = {04147282-E9B8-48F1-981A-FBB171272ED2}
	EndGlobalSection
EndGlobal
